
Microsoft Visual Studio Solution File, Format Version 12.00
# Visual Studio Version 16
VisualStudioVersion = 16.0.30114.105
MinimumVisualStudioVersion = 10.0.40219.1
Project("{2150E333-8FDC-42A3-9474-1A3956D46DE8}") = "Src", "Src", "{4A79FF78-4169-4471-9F99-3F640EE245F2}"
EndProject
Project("{9A19103F-16F7-4668-BE54-9A1E7A4F7556}") = "Sam.CQRS.Endpoint", "Src\Sam.CQRS.Endpoint\Sam.CQRS.Endpoint.csproj", "{575D3465-AB7B-4D74-86AB-82C3CB0F4B86}"
EndProject
Project("{FAE04EC0-301F-11D3-BF4B-00C04F79EFBC}") = "Sam.CQRS.Framework", "Src\Sam.CQRS.Framework\Sam.CQRS.Framework.csproj", "{056CA907-47CA-4BEF-B5AF-8F5565A591E8}"
EndProject
Global
	GlobalSection(SolutionConfigurationPlatforms) = preSolution
		Debug|Any CPU = Debug|Any CPU
		Debug|x64 = Debug|x64
		Debug|x86 = Debug|x86
		Release|Any CPU = Release|Any CPU
		Release|x64 = Release|x64
		Release|x86 = Release|x86
	EndGlobalSection
	GlobalSection(ProjectConfigurationPlatforms) = postSolution
		{575D3465-AB7B-4D74-86AB-82C3CB0F4B86}.Debug|Any CPU.ActiveCfg = Debug|Any CPU
		{575D3465-AB7B-4D74-86AB-82C3CB0F4B86}.Debug|Any CPU.Build.0 = Debug|Any CPU
		{575D3465-AB7B-4D74-86AB-82C3CB0F4B86}.Debug|x64.ActiveCfg = Debug|Any CPU
		{575D3465-AB7B-4D74-86AB-82C3CB0F4B86}.Debug|x64.Build.0 = Debug|Any CPU
		{575D3465-AB7B-4D74-86AB-82C3CB0F4B86}.Debug|x86.ActiveCfg = Debug|Any CPU
		{575D3465-AB7B-4D74-86AB-82C3CB0F4B86}.Debug|x86.Build.0 = Debug|Any CPU
		{575D3465-AB7B-4D74-86AB-82C3CB0F4B86}.Release|Any CPU.ActiveCfg = Release|Any CPU
		{575D3465-AB7B-4D74-86AB-82C3CB0F4B86}.Release|Any CPU.Build.0 = Release|Any CPU
		{575D3465-AB7B-4D74-86AB-82C3CB0F4B86}.Release|x64.ActiveCfg = Release|Any CPU
		{575D3465-AB7B-4D74-86AB-82C3CB0F4B86}.Release|x64.Build.0 = Release|Any CPU
		{575D3465-AB7B-4D74-86AB-82C3CB0F4B86}.Release|x86.ActiveCfg = Release|Any CPU
		{575D3465-AB7B-4D74-86AB-82C3CB0F4B86}.Release|x86.Build.0 = Release|Any CPU
		{056CA907-47CA-4BEF-B5AF-8F5565A591E8}.Debug|Any CPU.ActiveCfg = Debug|Any CPU
		{056CA907-47CA-4BEF-B5AF-8F5565A591E8}.Debug|Any CPU.Build.0 = Debug|Any CPU
		{056CA907-47CA-4BEF-B5AF-8F5565A591E8}.Debug|x64.ActiveCfg = Debug|Any CPU
		{056CA907-47CA-4BEF-B5AF-8F5565A591E8}.Debug|x64.Build.0 = Debug|Any CPU
		{056CA907-47CA-4BEF-B5AF-8F5565A591E8}.Debug|x86.ActiveCfg = Debug|Any CPU
		{056CA907-47CA-4BEF-B5AF-8F5565A591E8}.Debug|x86.Build.0 = Debug|Any CPU
		{056CA907-47CA-4BEF-B5AF-8F5565A591E8}.Release|Any CPU.ActiveCfg = Release|Any CPU
		{056CA907-47CA-4BEF-B5AF-8F5565A591E8}.Release|Any CPU.Build.0 = Release|Any CPU
		{056CA907-47CA-4BEF-B5AF-8F5565A591E8}.Release|x64.ActiveCfg = Release|Any CPU
		{056CA907-47CA-4BEF-B5AF-8F5565A591E8}.Release|x64.Build.0 = Release|Any CPU
		{056CA907-47CA-4BEF-B5AF-8F5565A591E8}.Release|x86.ActiveCfg = Release|Any CPU
		{056CA907-47CA-4BEF-B5AF-8F5565A591E8}.Release|x86.Build.0 = Release|Any CPU
	EndGlobalSection
	GlobalSection(SolutionProperties) = preSolution
		HideSolutionNode = FALSE
	EndGlobalSection
	GlobalSection(NestedProjects) = preSolution
		{575D3465-AB7B-4D74-86AB-82C3CB0F4B86} = {4A79FF78-4169-4471-9F99-3F640EE245F2}
		{056CA907-47CA-4BEF-B5AF-8F5565A591E8} = {4A79FF78-4169-4471-9F99-3F640EE245F2}
	EndGlobalSection
	GlobalSection(ExtensibilityGlobals) = postSolution
		SolutionGuid = {AA9E9C13-E5B3-4846-B0DB-DA8CD7E2752A}
	EndGlobalSection
EndGlobal
