
Microsoft Visual Studio Solution File, Format Version 12.00
# Visual Studio Version 17
VisualStudioVersion = 17.0.31903.59
MinimumVisualStudioVersion = 10.0.40219.1
Project("{2150E333-8FDC-42A3-9474-1A3956D46DE8}") = "src", "src", "{02EA681E-C7D8-13C7-8484-4AC65E1B71E8}"
EndProject
Project("{FAE04EC0-301F-11D3-BF4B-00C04F79EFBC}") = "Sam.Mediator.Endpoint", "Src\Sam.Mediator.Endpoint\Sam.Mediator.Endpoint.csproj", "{8E64950B-0BD0-405D-8178-0560603CBB76}"
EndProject
Project("{FAE04EC0-301F-11D3-BF4B-00C04F79EFBC}") = "Sam.Mediator", "Src\Sam.Mediator\Sam.Mediator.csproj", "{6EBB8500-B5E0-48E3-9C28-EFE4A88E08A2}"
EndProject
Global
	GlobalSection(SolutionConfigurationPlatforms) = preSolution
		Debug|Any CPU = Debug|Any CPU
		Release|Any CPU = Release|Any CPU
	EndGlobalSection
	GlobalSection(ProjectConfigurationPlatforms) = postSolution
		{8E64950B-0BD0-405D-8178-0560603CBB76}.Debug|Any CPU.ActiveCfg = Debug|Any CPU
		{8E64950B-0BD0-405D-8178-0560603CBB76}.Debug|Any CPU.Build.0 = Debug|Any CPU
		{8E64950B-0BD0-405D-8178-0560603CBB76}.Release|Any CPU.ActiveCfg = Release|Any CPU
		{8E64950B-0BD0-405D-8178-0560603CBB76}.Release|Any CPU.Build.0 = Release|Any CPU
		{6EBB8500-B5E0-48E3-9C28-EFE4A88E08A2}.Debug|Any CPU.ActiveCfg = Debug|Any CPU
		{6EBB8500-B5E0-48E3-9C28-EFE4A88E08A2}.Debug|Any CPU.Build.0 = Debug|Any CPU
		{6EBB8500-B5E0-48E3-9C28-EFE4A88E08A2}.Release|Any CPU.ActiveCfg = Release|Any CPU
		{6EBB8500-B5E0-48E3-9C28-EFE4A88E08A2}.Release|Any CPU.Build.0 = Release|Any CPU
	EndGlobalSection
	GlobalSection(SolutionProperties) = preSolution
		HideSolutionNode = FALSE
	EndGlobalSection
	GlobalSection(NestedProjects) = preSolution
		{8E64950B-0BD0-405D-8178-0560603CBB76} = {02EA681E-C7D8-13C7-8484-4AC65E1B71E8}
		{6EBB8500-B5E0-48E3-9C28-EFE4A88E08A2} = {02EA681E-C7D8-13C7-8484-4AC65E1B71E8}
	EndGlobalSection
EndGlobal
